
Microsoft Visual Studio Solution File, Format Version 12.00
# Visual Studio Version 17
VisualStudioVersion = 17.13.35931.197
MinimumVisualStudioVersion = 10.0.40219.1
Project("{2150E333-8FDC-42A3-9474-1A3956D46DE8}") = "src", "src", "{02EA681E-C7D8-13C7-8484-4AC65E1B71E8}"
EndProject
Project("{2150E333-8FDC-42A3-9474-1A3956D46DE8}") = "test", "test", "{4BE74EE1-B5C8-4AF3-8024-5F60C13EC1BD}"
EndProject
Project("{2150E333-8FDC-42A3-9474-1A3956D46DE8}") = "1 - Presentation", "1 - Presentation", "{3990113B-063C-4AF6-A6F3-E5051F6720F1}"
EndProject
Project("{2150E333-8FDC-42A3-9474-1A3956D46DE8}") = "3 - Application", "3 - Application", "{A7DC7F9D-7E43-4B1B-9816-210DF0EA6BDA}"
EndProject
Project("{2150E333-8FDC-42A3-9474-1A3956D46DE8}") = "4 - Domain", "4 - Domain", "{D20616BF-F950-4E5A-B8FE-14A3BE53D049}"
EndProject
Project("{2150E333-8FDC-42A3-9474-1A3956D46DE8}") = "5 - Infra", "5 - Infra", "{7661A567-5B61-430F-8E9D-AE52A41A5082}"
EndProject
Project("{2150E333-8FDC-42A3-9474-1A3956D46DE8}") = "5.1 - Data", "5.1 - Data", "{B8321130-6175-47D7-BC59-E2CC0ADEE6DF}"
EndProject
Project("{2150E333-8FDC-42A3-9474-1A3956D46DE8}") = "5.2 - CrossCutting", "5.2 - CrossCutting", "{122B4804-D1D8-420B-93EC-72978373369D}"
EndProject
Project("{2150E333-8FDC-42A3-9474-1A3956D46DE8}") = "2 - Api", "2 - Api", "{344EAFDE-2664-461A-9AD7-82468BC003FA}"
EndProject
Project("{FAE04EC0-301F-11D3-BF4B-00C04F79EFBC}") = "TC.CloudGames.Domain", "src\TC.CloudGames.Domain\TC.CloudGames.Domain.csproj", "{D80358C4-F563-4CD0-8684-19A607920300}"
EndProject
Project("{FAE04EC0-301F-11D3-BF4B-00C04F79EFBC}") = "TC.CloudGames.Api", "src\TC.CloudGames.Api\TC.CloudGames.Api.csproj", "{96BF3638-CFA3-45DB-B9AE-AD4D5F68C70B}"
EndProject
Project("{FAE04EC0-301F-11D3-BF4B-00C04F79EFBC}") = "TC.CloudGames.Application", "src\TC.CloudGames.Application\TC.CloudGames.Application.csproj", "{C71FC542-0145-4AC5-89DC-C191C78D6FD5}"
EndProject
Project("{FAE04EC0-301F-11D3-BF4B-00C04F79EFBC}") = "TC.CloudGames.Infra.Data", "src\TC.CloudGames.Infra.Data\TC.CloudGames.Infra.Data.csproj", "{3FB669D0-B1A9-4624-B43B-BB8C4F794DBC}"
EndProject
Project("{E53339B2-1760-4266-BCC7-CA923CBCF16C}") = "docker-compose", "docker-compose.dcproj", "{81DDED9D-158B-E303-5F62-77A2896D2A5A}"
EndProject
Project("{FAE04EC0-301F-11D3-BF4B-00C04F79EFBC}") = "ArchitectureTests", "test\ArchitectureTests\ArchitectureTests.csproj", "{3088A517-6C0A-41DB-B124-A2972437A734}"
EndProject
Project("{FAE04EC0-301F-11D3-BF4B-00C04F79EFBC}") = "TC.CloudGames.Infra.CrossCutting.IoC", "src\TC.CloudGames.Infra.CrossCutting.IoC\TC.CloudGames.Infra.CrossCutting.IoC.csproj", "{A57A0494-52D9-AE21-52E2-C73D531B4A48}"
EndProject
Project("{FAE04EC0-301F-11D3-BF4B-00C04F79EFBC}") = "TC.CloudGames.Infra.CrossCutting.Commons", "src\TC.CloudGames.Infra.CrossCutting.Commons\TC.CloudGames.Infra.CrossCutting.Commons.csproj", "{AD5B37BE-46D6-6868-6947-50579E86992D}"
EndProject
Global
	GlobalSection(SolutionConfigurationPlatforms) = preSolution
		Debug|Any CPU = Debug|Any CPU
		Release|Any CPU = Release|Any CPU
	EndGlobalSection
	GlobalSection(ProjectConfigurationPlatforms) = postSolution
		{D80358C4-F563-4CD0-8684-19A607920300}.Debug|Any CPU.ActiveCfg = Debug|Any CPU
		{D80358C4-F563-4CD0-8684-19A607920300}.Debug|Any CPU.Build.0 = Debug|Any CPU
		{D80358C4-F563-4CD0-8684-19A607920300}.Release|Any CPU.ActiveCfg = Release|Any CPU
		{D80358C4-F563-4CD0-8684-19A607920300}.Release|Any CPU.Build.0 = Release|Any CPU
		{96BF3638-CFA3-45DB-B9AE-AD4D5F68C70B}.Debug|Any CPU.ActiveCfg = Debug|Any CPU
		{96BF3638-CFA3-45DB-B9AE-AD4D5F68C70B}.Debug|Any CPU.Build.0 = Debug|Any CPU
		{96BF3638-CFA3-45DB-B9AE-AD4D5F68C70B}.Release|Any CPU.ActiveCfg = Release|Any CPU
		{96BF3638-CFA3-45DB-B9AE-AD4D5F68C70B}.Release|Any CPU.Build.0 = Release|Any CPU
		{C71FC542-0145-4AC5-89DC-C191C78D6FD5}.Debug|Any CPU.ActiveCfg = Debug|Any CPU
		{C71FC542-0145-4AC5-89DC-C191C78D6FD5}.Debug|Any CPU.Build.0 = Debug|Any CPU
		{C71FC542-0145-4AC5-89DC-C191C78D6FD5}.Release|Any CPU.ActiveCfg = Release|Any CPU
		{C71FC542-0145-4AC5-89DC-C191C78D6FD5}.Release|Any CPU.Build.0 = Release|Any CPU
		{3FB669D0-B1A9-4624-B43B-BB8C4F794DBC}.Debug|Any CPU.ActiveCfg = Debug|Any CPU
		{3FB669D0-B1A9-4624-B43B-BB8C4F794DBC}.Debug|Any CPU.Build.0 = Debug|Any CPU
		{3FB669D0-B1A9-4624-B43B-BB8C4F794DBC}.Release|Any CPU.ActiveCfg = Release|Any CPU
		{3FB669D0-B1A9-4624-B43B-BB8C4F794DBC}.Release|Any CPU.Build.0 = Release|Any CPU
		{81DDED9D-158B-E303-5F62-77A2896D2A5A}.Debug|Any CPU.ActiveCfg = Debug|Any CPU
		{81DDED9D-158B-E303-5F62-77A2896D2A5A}.Debug|Any CPU.Build.0 = Debug|Any CPU
		{81DDED9D-158B-E303-5F62-77A2896D2A5A}.Release|Any CPU.ActiveCfg = Release|Any CPU
		{81DDED9D-158B-E303-5F62-77A2896D2A5A}.Release|Any CPU.Build.0 = Release|Any CPU
		{3088A517-6C0A-41DB-B124-A2972437A734}.Debug|Any CPU.ActiveCfg = Debug|Any CPU
		{3088A517-6C0A-41DB-B124-A2972437A734}.Debug|Any CPU.Build.0 = Debug|Any CPU
		{3088A517-6C0A-41DB-B124-A2972437A734}.Release|Any CPU.ActiveCfg = Release|Any CPU
		{3088A517-6C0A-41DB-B124-A2972437A734}.Release|Any CPU.Build.0 = Release|Any CPU
		{A57A0494-52D9-AE21-52E2-C73D531B4A48}.Debug|Any CPU.ActiveCfg = Debug|Any CPU
		{A57A0494-52D9-AE21-52E2-C73D531B4A48}.Debug|Any CPU.Build.0 = Debug|Any CPU
		{A57A0494-52D9-AE21-52E2-C73D531B4A48}.Release|Any CPU.ActiveCfg = Release|Any CPU
		{A57A0494-52D9-AE21-52E2-C73D531B4A48}.Release|Any CPU.Build.0 = Release|Any CPU
		{AD5B37BE-46D6-6868-6947-50579E86992D}.Debug|Any CPU.ActiveCfg = Debug|Any CPU
		{AD5B37BE-46D6-6868-6947-50579E86992D}.Debug|Any CPU.Build.0 = Debug|Any CPU
		{AD5B37BE-46D6-6868-6947-50579E86992D}.Release|Any CPU.ActiveCfg = Release|Any CPU
		{AD5B37BE-46D6-6868-6947-50579E86992D}.Release|Any CPU.Build.0 = Release|Any CPU
	EndGlobalSection
	GlobalSection(SolutionProperties) = preSolution
		HideSolutionNode = FALSE
	EndGlobalSection
	GlobalSection(NestedProjects) = preSolution
		{3990113B-063C-4AF6-A6F3-E5051F6720F1} = {02EA681E-C7D8-13C7-8484-4AC65E1B71E8}
		{A7DC7F9D-7E43-4B1B-9816-210DF0EA6BDA} = {02EA681E-C7D8-13C7-8484-4AC65E1B71E8}
		{D20616BF-F950-4E5A-B8FE-14A3BE53D049} = {02EA681E-C7D8-13C7-8484-4AC65E1B71E8}
		{7661A567-5B61-430F-8E9D-AE52A41A5082} = {02EA681E-C7D8-13C7-8484-4AC65E1B71E8}
		{B8321130-6175-47D7-BC59-E2CC0ADEE6DF} = {7661A567-5B61-430F-8E9D-AE52A41A5082}
		{122B4804-D1D8-420B-93EC-72978373369D} = {7661A567-5B61-430F-8E9D-AE52A41A5082}
		{344EAFDE-2664-461A-9AD7-82468BC003FA} = {02EA681E-C7D8-13C7-8484-4AC65E1B71E8}
		{D80358C4-F563-4CD0-8684-19A607920300} = {D20616BF-F950-4E5A-B8FE-14A3BE53D049}
		{96BF3638-CFA3-45DB-B9AE-AD4D5F68C70B} = {344EAFDE-2664-461A-9AD7-82468BC003FA}
		{C71FC542-0145-4AC5-89DC-C191C78D6FD5} = {A7DC7F9D-7E43-4B1B-9816-210DF0EA6BDA}
		{3FB669D0-B1A9-4624-B43B-BB8C4F794DBC} = {B8321130-6175-47D7-BC59-E2CC0ADEE6DF}
		{3088A517-6C0A-41DB-B124-A2972437A734} = {4BE74EE1-B5C8-4AF3-8024-5F60C13EC1BD}
		{A57A0494-52D9-AE21-52E2-C73D531B4A48} = {122B4804-D1D8-420B-93EC-72978373369D}
		{AD5B37BE-46D6-6868-6947-50579E86992D} = {122B4804-D1D8-420B-93EC-72978373369D}
	EndGlobalSection
	GlobalSection(ExtensibilityGlobals) = postSolution
		SolutionGuid = {A61EC7C9-970A-4856-9FA0-A09EE45536BB}
	EndGlobalSection
EndGlobal
