
Microsoft Visual Studio Solution File, Format Version 12.00
# Visual Studio Version 17
VisualStudioVersion = 17.13.35931.197
MinimumVisualStudioVersion = 10.0.40219.1
Project("{2150E333-8FDC-42A3-9474-1A3956D46DE8}") = "src", "src", "{02EA681E-C7D8-13C7-8484-4AC65E1B71E8}"
EndProject
Project("{2150E333-8FDC-42A3-9474-1A3956D46DE8}") = "test", "test", "{4BE74EE1-B5C8-4AF3-8024-5F60C13EC1BD}"
EndProject
Project("{2150E333-8FDC-42A3-9474-1A3956D46DE8}") = "1 - Presentation", "1 - Presentation", "{3990113B-063C-4AF6-A6F3-E5051F6720F1}"
EndProject
Project("{2150E333-8FDC-42A3-9474-1A3956D46DE8}") = "3 - Application", "3 - Application", "{A7DC7F9D-7E43-4B1B-9816-210DF0EA6BDA}"
EndProject
Project("{2150E333-8FDC-42A3-9474-1A3956D46DE8}") = "4 - Domain", "4 - Domain", "{D20616BF-F950-4E5A-B8FE-14A3BE53D049}"
EndProject
Project("{2150E333-8FDC-42A3-9474-1A3956D46DE8}") = "5 - Infra", "5 - Infra", "{7661A567-5B61-430F-8E9D-AE52A41A5082}"
EndProject
Project("{2150E333-8FDC-42A3-9474-1A3956D46DE8}") = "5.1 - Data", "5.1 - Data", "{B8321130-6175-47D7-BC59-E2CC0ADEE6DF}"
EndProject
Project("{2150E333-8FDC-42A3-9474-1A3956D46DE8}") = "5.2 - CrossCutting", "5.2 - CrossCutting", "{122B4804-D1D8-420B-93EC-72978373369D}"
EndProject
Project("{2150E333-8FDC-42A3-9474-1A3956D46DE8}") = "2 - Api", "2 - Api", "{344EAFDE-2664-461A-9AD7-82468BC003FA}"
EndProject
Project("{FAE04EC0-301F-11D3-BF4B-00C04F79EFBC}") = "TC.CloudGames.Domain", "src\TC.CloudGames.Domain\TC.CloudGames.Domain.csproj", "{D80358C4-F563-4CD0-8684-19A607920300}"
EndProject
Project("{FAE04EC0-301F-11D3-BF4B-00C04F79EFBC}") = "TC.CloudGames.Api", "src\TC.CloudGames.Api\TC.CloudGames.Api.csproj", "{96BF3638-CFA3-45DB-B9AE-AD4D5F68C70B}"
EndProject
Project("{FAE04EC0-301F-11D3-BF4B-00C04F79EFBC}") = "TC.CloudGames.Application", "src\TC.CloudGames.Application\TC.CloudGames.Application.csproj", "{C71FC542-0145-4AC5-89DC-C191C78D6FD5}"
EndProject
Project("{FAE04EC0-301F-11D3-BF4B-00C04F79EFBC}") = "TC.CloudGames.Infra.Data", "src\TC.CloudGames.Infra.Data\TC.CloudGames.Infra.Data.csproj", "{3FB669D0-B1A9-4624-B43B-BB8C4F794DBC}"
EndProject
Project("{E53339B2-1760-4266-BCC7-CA923CBCF16C}") = "docker-compose", "docker-compose.dcproj", "{81DDED9D-158B-E303-5F62-77A2896D2A5A}"
EndProject
Project("{FAE04EC0-301F-11D3-BF4B-00C04F79EFBC}") = "TC.CloudGames.Infra.CrossCutting.IoC", "src\TC.CloudGames.Infra.CrossCutting.IoC\TC.CloudGames.Infra.CrossCutting.IoC.csproj", "{A57A0494-52D9-AE21-52E2-C73D531B4A48}"
EndProject
Project("{FAE04EC0-301F-11D3-BF4B-00C04F79EFBC}") = "TC.CloudGames.Infra.CrossCutting.Commons", "src\TC.CloudGames.Infra.CrossCutting.Commons\TC.CloudGames.Infra.CrossCutting.Commons.csproj", "{AD5B37BE-46D6-6868-6947-50579E86992D}"
EndProject
Project("{2150E333-8FDC-42A3-9474-1A3956D46DE8}") = "2 - Architecture.Testing", "2 - Architecture.Testing", "{8C5BAD6D-B133-4B38-8C22-1C13F57CB033}"
EndProject
Project("{2150E333-8FDC-42A3-9474-1A3956D46DE8}") = "1 - Unit.Testing", "1 - Unit.Testing", "{75F75AB9-EB63-43FA-96F1-4A32A1852CF5}"
EndProject
Project("{2150E333-8FDC-42A3-9474-1A3956D46DE8}") = "3 - Integration.Testing", "3 - Integration.Testing", "{0A426525-9ABE-45D4-A67A-80635BB57C71}"
EndProject
Project("{2150E333-8FDC-42A3-9474-1A3956D46DE8}") = "4 - BDD.Testing", "4 - BDD.Testing", "{04129191-BF54-4E04-984E-D85A171ED6BB}"
EndProject
Project("{2150E333-8FDC-42A3-9474-1A3956D46DE8}") = "solution-items", "solution-items", "{7BFDB880-2189-45ED-8C7E-9D52FBB8DC11}"
	ProjectSection(SolutionItems) = preProject
		.solution-root = .solution-root
		Directory.Build.props = Directory.Build.props
		global.json = global.json
	EndProjectSection
EndProject
Project("{FAE04EC0-301F-11D3-BF4B-00C04F79EFBC}") = "TC.CloudGames.Integration.Tests", "test\TC.CloudGames.Integration.Tests\TC.CloudGames.Integration.Tests.csproj", "{58C92CCD-B95B-4A47-88DC-7C4C22885018}"
EndProject
Project("{FAE04EC0-301F-11D3-BF4B-00C04F79EFBC}") = "TC.CloudGames.Architecture.Tests", "test\TC.CloudGames.Architecture.Tests\TC.CloudGames.Architecture.Tests.csproj", "{0BA9E97A-F7E7-E7F6-A68C-FD4DF32B1AA6}"
EndProject
Project("{2150E333-8FDC-42A3-9474-1A3956D46DE8}") = "scripts", "scripts", "{88030581-FE52-48D2-8A3D-2B43555E2234}"
	ProjectSection(SolutionItems) = preProject
		scripts\code_analysis.bat = scripts\code_analysis.bat
		scripts\setup-devcert.bat = scripts\setup-devcert.bat
		scripts\setup-devcert.sh = scripts\setup-devcert.sh
		token_data\sonar-token.txt = token_data\sonar-token.txt
	EndProjectSection
EndProject
Project("{2150E333-8FDC-42A3-9474-1A3956D46DE8}") = "images", "images", "{A9FC732A-88B8-49D0-B09F-0FDFD232EEE5}"
	ProjectSection(SolutionItems) = preProject
		images\001_Docker_Compose_Startup_Project.png = images\001_Docker_Compose_Startup_Project.png
		images\002_ER_Diagram.png = images\002_ER_Diagram.png
		images\003_pgAdmin_login_screen.png = images\003_pgAdmin_login_screen.png
		images\004_database_server_login.png = images\004_database_server_login.png
	EndProjectSection
EndProject
Project("{FAE04EC0-301F-11D3-BF4B-00C04F79EFBC}") = "TC.CloudGames.BDD.Tests", "test\TC.CloudGames.BDD.Tests\TC.CloudGames.BDD.Tests.csproj", "{637F966F-33F4-4422-BFEF-26E854D78A5A}"
EndProject
Project("{FAE04EC0-301F-11D3-BF4B-00C04F79EFBC}") = "TC.CloudGames.Unit.Tests", "test\TC.CloudGames.Unit.Tests\TC.CloudGames.Unit.Tests.csproj", "{21A2451C-EA3D-4B51-ABB8-4FB7F37119DB}"
EndProject
Project("{2150E333-8FDC-42A3-9474-1A3956D46DE8}") = "doc", "doc", "{15D2659A-6930-4A4A-9F63-34E0376D51D0}"
EndProject
Project("{2150E333-8FDC-42A3-9474-1A3956D46DE8}") = "phase_01", "phase_01", "{9B5B9C3A-9DFA-4DB1-8131-1311EFC7FE40}"
	ProjectSection(SolutionItems) = preProject
		doc\phase_01\FIAP_TC_Fase_01.docx = doc\phase_01\FIAP_TC_Fase_01.docx
		doc\phase_01\FIAP_TC_Fase_01.pdf = doc\phase_01\FIAP_TC_Fase_01.pdf
		doc\phase_01\Funcionalidades_requeridas.docx = doc\phase_01\Funcionalidades_requeridas.docx
		doc\phase_01\Funcionalidades_requeridas.pdf = doc\phase_01\Funcionalidades_requeridas.pdf
		doc\phase_01\TC.CloudGaming.postman_collection.json = doc\phase_01\TC.CloudGaming.postman_collection.json
		doc\phase_01\TC_NET_Phase_01.pdf = doc\phase_01\TC_NET_Phase_01.pdf
	EndProjectSection
EndProject
Project("{2150E333-8FDC-42A3-9474-1A3956D46DE8}") = "infra", "infra", "{1FDBFEB8-5A5F-4DCC-8B77-1320B69736AB}"
EndProject
Project("{2150E333-8FDC-42A3-9474-1A3956D46DE8}") = "terraform", "terraform", "{983F67D9-331B-4E14-BB1B-D1DCE67D6288}"
EndProject
Project("{2150E333-8FDC-42A3-9474-1A3956D46DE8}") = "azure", "azure", "{C49140ED-7575-4FFA-96A4-8BBC318AF3BE}"
EndProject
Project("{2150E333-8FDC-42A3-9474-1A3956D46DE8}") = "dev", "dev", "{11C3111E-23E4-4432-AF44-3BB3CD36B58B}"
	ProjectSection(SolutionItems) = preProject
		infra\terraform\azure\dev\main.tf = infra\terraform\azure\dev\main.tf
		infra\terraform\azure\dev\outputs.tf = infra\terraform\azure\dev\outputs.tf
		infra\terraform\azure\dev\terraform.tf = infra\terraform\azure\dev\terraform.tf
		infra\terraform\azure\dev\variables.tf = infra\terraform\azure\dev\variables.tf
	EndProjectSection
EndProject
Project("{2150E333-8FDC-42A3-9474-1A3956D46DE8}") = "user-services", "user-services", "{0360E9EE-E75E-46AB-8EB2-6D2FC49CBD3E}"
EndProject
Project("{2150E333-8FDC-42A3-9474-1A3956D46DE8}") = "src", "src", "{4C563B16-965F-47F5-88B9-82D2B9492FE0}"
EndProject
Project("{2150E333-8FDC-42A3-9474-1A3956D46DE8}") = "test", "test", "{F602B3E6-F398-453A-A988-BA598B3498D3}"
EndProject
Project("{2150E333-8FDC-42A3-9474-1A3956D46DE8}") = "game-services", "game-services", "{5B6F705B-4C90-4A99-92E0-B456F8A846D1}"
EndProject
Project("{2150E333-8FDC-42A3-9474-1A3956D46DE8}") = "src", "src", "{4F9D2A27-B655-4023-833B-2756DDDDE80A}"
EndProject
Project("{2150E333-8FDC-42A3-9474-1A3956D46DE8}") = "test", "test", "{8F7A299B-6FFF-4BC4-B57E-FF6531DE586D}"
EndProject
Project("{2150E333-8FDC-42A3-9474-1A3956D46DE8}") = "payment-services", "payment-services", "{9A33FC88-9B0E-4A03-BD92-FCF3734360A3}"
EndProject
Project("{2150E333-8FDC-42A3-9474-1A3956D46DE8}") = "monolith", "monolith", "{2EAC152B-92DF-437E-AD2F-B49EE149ADAA}"
EndProject
Project("{2150E333-8FDC-42A3-9474-1A3956D46DE8}") = "src", "src", "{B05FD357-57AA-4777-90BC-E2DEC1BFC9F6}"
EndProject
Project("{2150E333-8FDC-42A3-9474-1A3956D46DE8}") = "test", "test", "{7E847602-E68B-4D13-A62E-9F5F55538902}"
EndProject
Project("{2150E333-8FDC-42A3-9474-1A3956D46DE8}") = "common", "common", "{3A9DAF99-F396-4FDD-A7AA-D8F0A525EEE6}"
EndProject
Project("{2150E333-8FDC-42A3-9474-1A3956D46DE8}") = "phase_02", "phase_02", "{02E5B1A3-92E8-47A9-A59C-7917B78C1F61}"
	ProjectSection(SolutionItems) = preProject
		doc\phase_02\Infra_Overview_Diagram.drawio = doc\phase_02\Infra_Overview_Diagram.drawio
		doc\phase_02\TC_NET_Phase_02.pdf = doc\phase_02\TC_NET_Phase_02.pdf
	EndProjectSection
EndProject
Project("{2150E333-8FDC-42A3-9474-1A3956D46DE8}") = "phase_03", "phase_03", "{6784771F-D1A9-4D29-BA6A-3CFF2058A092}"
EndProject
Project("{FAE04EC0-301F-11D3-BF4B-00C04F79EFBC}") = "TC.CloudGames.User.Api", "user-services\src\TC.CloudGames.User.API\TC.CloudGames.User.Api.csproj", "{A0891AF4-BEF3-4232-A198-6C2921ECFFFB}"
EndProject
Project("{FAE04EC0-301F-11D3-BF4B-00C04F79EFBC}") = "TC.CloudGames.Aspire.AppHost", "aspire-apphost\TC.CloudGames.Aspire.AppHost\TC.CloudGames.Aspire.AppHost.csproj", "{9C20E993-9BF1-A385-5526-9F219FFD65EC}"
EndProject
Project("{2150E333-8FDC-42A3-9474-1A3956D46DE8}") = "aspire_app-host", "aspire_app-host", "{2C6E88BB-327C-4376-AD8F-A5EFC008EEB5}"
EndProject
Project("{FAE04EC0-301F-11D3-BF4B-00C04F79EFBC}") = "TC.CloudGames.User.Application", "user-services\src\TC.CloudGames.User.Application\TC.CloudGames.User.Application.csproj", "{58A89C05-DAB6-8A20-CC9C-CEA37DFF9422}"
EndProject
Project("{FAE04EC0-301F-11D3-BF4B-00C04F79EFBC}") = "TC.CloudGames.User.Domain", "user-services\src\TC.CloudGames.User.Domain\TC.CloudGames.User.Domain.csproj", "{3922AB1C-3F32-41B0-8DC1-5E77FD630B09}"
EndProject
Project("{2150E333-8FDC-42A3-9474-1A3956D46DE8}") = "adapters", "adapters", "{287102BC-5B43-40EF-BA86-9508E7430A5C}"
EndProject
Project("{2150E333-8FDC-42A3-9474-1A3956D46DE8}") = "driven (outbound)", "driven (outbound)", "{5762DB7E-7C85-4ADA-BD2C-9E0AF05A077E}"
EndProject
Project("{2150E333-8FDC-42A3-9474-1A3956D46DE8}") = "driver (inbound)", "driver (inbound)", "{95A5336D-849B-4D78-8AAC-2EFDF228CA1C}"
EndProject
Project("{2150E333-8FDC-42A3-9474-1A3956D46DE8}") = "core", "core", "{5402E31D-F4C7-49E7-AB40-FF5DCBD89D35}"
EndProject
Project("{FAE04EC0-301F-11D3-BF4B-00C04F79EFBC}") = "TC.CloudGames.User.Infrastructure", "user-services\src\TC.CloudGames.User.Infrastructure\TC.CloudGames.User.Infrastructure.csproj", "{786937A8-EA08-40DE-9609-20A98B5A9202}"
EndProject
Project("{2150E333-8FDC-42A3-9474-1A3956D46DE8}") = "UnitTests", "UnitTests", "{915C2274-69F4-47FB-80AA-C92A2C24D5C7}"
EndProject
Project("{2150E333-8FDC-42A3-9474-1A3956D46DE8}") = "ArchitectureTests", "ArchitectureTests", "{5F59C444-B1F8-46B2-A693-EB696804D0EC}"
EndProject
Project("{2150E333-8FDC-42A3-9474-1A3956D46DE8}") = "IntegrationTests", "IntegrationTests", "{C652B7EC-6F9C-47B4-AF59-613773D960E4}"
EndProject
Project("{2150E333-8FDC-42A3-9474-1A3956D46DE8}") = "BDDTests", "BDDTests", "{1187FF1F-10FE-4447-8356-0B534025D35A}"
EndProject
Global
	GlobalSection(SolutionConfigurationPlatforms) = preSolution
		Debug|Any CPU = Debug|Any CPU
		Release|Any CPU = Release|Any CPU
	EndGlobalSection
	GlobalSection(ProjectConfigurationPlatforms) = postSolution
		{D80358C4-F563-4CD0-8684-19A607920300}.Debug|Any CPU.ActiveCfg = Debug|Any CPU
		{D80358C4-F563-4CD0-8684-19A607920300}.Debug|Any CPU.Build.0 = Debug|Any CPU
		{D80358C4-F563-4CD0-8684-19A607920300}.Release|Any CPU.ActiveCfg = Release|Any CPU
		{D80358C4-F563-4CD0-8684-19A607920300}.Release|Any CPU.Build.0 = Release|Any CPU
		{96BF3638-CFA3-45DB-B9AE-AD4D5F68C70B}.Debug|Any CPU.ActiveCfg = Debug|Any CPU
		{96BF3638-CFA3-45DB-B9AE-AD4D5F68C70B}.Debug|Any CPU.Build.0 = Debug|Any CPU
		{96BF3638-CFA3-45DB-B9AE-AD4D5F68C70B}.Release|Any CPU.ActiveCfg = Release|Any CPU
		{96BF3638-CFA3-45DB-B9AE-AD4D5F68C70B}.Release|Any CPU.Build.0 = Release|Any CPU
		{C71FC542-0145-4AC5-89DC-C191C78D6FD5}.Debug|Any CPU.ActiveCfg = Debug|Any CPU
		{C71FC542-0145-4AC5-89DC-C191C78D6FD5}.Debug|Any CPU.Build.0 = Debug|Any CPU
		{C71FC542-0145-4AC5-89DC-C191C78D6FD5}.Release|Any CPU.ActiveCfg = Release|Any CPU
		{C71FC542-0145-4AC5-89DC-C191C78D6FD5}.Release|Any CPU.Build.0 = Release|Any CPU
		{3FB669D0-B1A9-4624-B43B-BB8C4F794DBC}.Debug|Any CPU.ActiveCfg = Debug|Any CPU
		{3FB669D0-B1A9-4624-B43B-BB8C4F794DBC}.Debug|Any CPU.Build.0 = Debug|Any CPU
		{3FB669D0-B1A9-4624-B43B-BB8C4F794DBC}.Release|Any CPU.ActiveCfg = Release|Any CPU
		{3FB669D0-B1A9-4624-B43B-BB8C4F794DBC}.Release|Any CPU.Build.0 = Release|Any CPU
		{81DDED9D-158B-E303-5F62-77A2896D2A5A}.Debug|Any CPU.ActiveCfg = Debug|Any CPU
		{81DDED9D-158B-E303-5F62-77A2896D2A5A}.Debug|Any CPU.Build.0 = Debug|Any CPU
		{81DDED9D-158B-E303-5F62-77A2896D2A5A}.Release|Any CPU.ActiveCfg = Release|Any CPU
		{81DDED9D-158B-E303-5F62-77A2896D2A5A}.Release|Any CPU.Build.0 = Release|Any CPU
		{A57A0494-52D9-AE21-52E2-C73D531B4A48}.Debug|Any CPU.ActiveCfg = Debug|Any CPU
		{A57A0494-52D9-AE21-52E2-C73D531B4A48}.Debug|Any CPU.Build.0 = Debug|Any CPU
		{A57A0494-52D9-AE21-52E2-C73D531B4A48}.Release|Any CPU.ActiveCfg = Release|Any CPU
		{A57A0494-52D9-AE21-52E2-C73D531B4A48}.Release|Any CPU.Build.0 = Release|Any CPU
		{AD5B37BE-46D6-6868-6947-50579E86992D}.Debug|Any CPU.ActiveCfg = Debug|Any CPU
		{AD5B37BE-46D6-6868-6947-50579E86992D}.Debug|Any CPU.Build.0 = Debug|Any CPU
		{AD5B37BE-46D6-6868-6947-50579E86992D}.Release|Any CPU.ActiveCfg = Release|Any CPU
		{AD5B37BE-46D6-6868-6947-50579E86992D}.Release|Any CPU.Build.0 = Release|Any CPU
		{58C92CCD-B95B-4A47-88DC-7C4C22885018}.Debug|Any CPU.ActiveCfg = Debug|Any CPU
		{58C92CCD-B95B-4A47-88DC-7C4C22885018}.Debug|Any CPU.Build.0 = Debug|Any CPU
		{58C92CCD-B95B-4A47-88DC-7C4C22885018}.Release|Any CPU.ActiveCfg = Release|Any CPU
		{58C92CCD-B95B-4A47-88DC-7C4C22885018}.Release|Any CPU.Build.0 = Release|Any CPU
		{0BA9E97A-F7E7-E7F6-A68C-FD4DF32B1AA6}.Debug|Any CPU.ActiveCfg = Debug|Any CPU
		{0BA9E97A-F7E7-E7F6-A68C-FD4DF32B1AA6}.Debug|Any CPU.Build.0 = Debug|Any CPU
		{0BA9E97A-F7E7-E7F6-A68C-FD4DF32B1AA6}.Release|Any CPU.ActiveCfg = Release|Any CPU
		{0BA9E97A-F7E7-E7F6-A68C-FD4DF32B1AA6}.Release|Any CPU.Build.0 = Release|Any CPU
		{637F966F-33F4-4422-BFEF-26E854D78A5A}.Debug|Any CPU.ActiveCfg = Debug|Any CPU
		{637F966F-33F4-4422-BFEF-26E854D78A5A}.Debug|Any CPU.Build.0 = Debug|Any CPU
		{637F966F-33F4-4422-BFEF-26E854D78A5A}.Release|Any CPU.ActiveCfg = Release|Any CPU
		{637F966F-33F4-4422-BFEF-26E854D78A5A}.Release|Any CPU.Build.0 = Release|Any CPU
		{21A2451C-EA3D-4B51-ABB8-4FB7F37119DB}.Debug|Any CPU.ActiveCfg = Debug|Any CPU
		{21A2451C-EA3D-4B51-ABB8-4FB7F37119DB}.Debug|Any CPU.Build.0 = Debug|Any CPU
		{21A2451C-EA3D-4B51-ABB8-4FB7F37119DB}.Release|Any CPU.ActiveCfg = Release|Any CPU
		{21A2451C-EA3D-4B51-ABB8-4FB7F37119DB}.Release|Any CPU.Build.0 = Release|Any CPU
		{A0891AF4-BEF3-4232-A198-6C2921ECFFFB}.Debug|Any CPU.ActiveCfg = Debug|Any CPU
		{A0891AF4-BEF3-4232-A198-6C2921ECFFFB}.Debug|Any CPU.Build.0 = Debug|Any CPU
		{A0891AF4-BEF3-4232-A198-6C2921ECFFFB}.Release|Any CPU.ActiveCfg = Release|Any CPU
		{A0891AF4-BEF3-4232-A198-6C2921ECFFFB}.Release|Any CPU.Build.0 = Release|Any CPU
		{9C20E993-9BF1-A385-5526-9F219FFD65EC}.Debug|Any CPU.ActiveCfg = Debug|Any CPU
		{9C20E993-9BF1-A385-5526-9F219FFD65EC}.Debug|Any CPU.Build.0 = Debug|Any CPU
		{9C20E993-9BF1-A385-5526-9F219FFD65EC}.Release|Any CPU.ActiveCfg = Release|Any CPU
		{9C20E993-9BF1-A385-5526-9F219FFD65EC}.Release|Any CPU.Build.0 = Release|Any CPU
		{58A89C05-DAB6-8A20-CC9C-CEA37DFF9422}.Debug|Any CPU.ActiveCfg = Debug|Any CPU
		{58A89C05-DAB6-8A20-CC9C-CEA37DFF9422}.Debug|Any CPU.Build.0 = Debug|Any CPU
		{58A89C05-DAB6-8A20-CC9C-CEA37DFF9422}.Release|Any CPU.ActiveCfg = Release|Any CPU
		{58A89C05-DAB6-8A20-CC9C-CEA37DFF9422}.Release|Any CPU.Build.0 = Release|Any CPU
		{3922AB1C-3F32-41B0-8DC1-5E77FD630B09}.Debug|Any CPU.ActiveCfg = Debug|Any CPU
		{3922AB1C-3F32-41B0-8DC1-5E77FD630B09}.Debug|Any CPU.Build.0 = Debug|Any CPU
		{3922AB1C-3F32-41B0-8DC1-5E77FD630B09}.Release|Any CPU.ActiveCfg = Release|Any CPU
		{3922AB1C-3F32-41B0-8DC1-5E77FD630B09}.Release|Any CPU.Build.0 = Release|Any CPU
		{786937A8-EA08-40DE-9609-20A98B5A9202}.Debug|Any CPU.ActiveCfg = Debug|Any CPU
		{786937A8-EA08-40DE-9609-20A98B5A9202}.Debug|Any CPU.Build.0 = Debug|Any CPU
		{786937A8-EA08-40DE-9609-20A98B5A9202}.Release|Any CPU.ActiveCfg = Release|Any CPU
		{786937A8-EA08-40DE-9609-20A98B5A9202}.Release|Any CPU.Build.0 = Release|Any CPU
	EndGlobalSection
	GlobalSection(SolutionProperties) = preSolution
		HideSolutionNode = FALSE
	EndGlobalSection
	GlobalSection(NestedProjects) = preSolution
		{02EA681E-C7D8-13C7-8484-4AC65E1B71E8} = {2EAC152B-92DF-437E-AD2F-B49EE149ADAA}
		{4BE74EE1-B5C8-4AF3-8024-5F60C13EC1BD} = {2EAC152B-92DF-437E-AD2F-B49EE149ADAA}
		{3990113B-063C-4AF6-A6F3-E5051F6720F1} = {02EA681E-C7D8-13C7-8484-4AC65E1B71E8}
		{A7DC7F9D-7E43-4B1B-9816-210DF0EA6BDA} = {02EA681E-C7D8-13C7-8484-4AC65E1B71E8}
		{D20616BF-F950-4E5A-B8FE-14A3BE53D049} = {02EA681E-C7D8-13C7-8484-4AC65E1B71E8}
		{7661A567-5B61-430F-8E9D-AE52A41A5082} = {02EA681E-C7D8-13C7-8484-4AC65E1B71E8}
		{B8321130-6175-47D7-BC59-E2CC0ADEE6DF} = {7661A567-5B61-430F-8E9D-AE52A41A5082}
		{122B4804-D1D8-420B-93EC-72978373369D} = {7661A567-5B61-430F-8E9D-AE52A41A5082}
		{344EAFDE-2664-461A-9AD7-82468BC003FA} = {02EA681E-C7D8-13C7-8484-4AC65E1B71E8}
		{D80358C4-F563-4CD0-8684-19A607920300} = {D20616BF-F950-4E5A-B8FE-14A3BE53D049}
		{96BF3638-CFA3-45DB-B9AE-AD4D5F68C70B} = {344EAFDE-2664-461A-9AD7-82468BC003FA}
		{C71FC542-0145-4AC5-89DC-C191C78D6FD5} = {A7DC7F9D-7E43-4B1B-9816-210DF0EA6BDA}
		{3FB669D0-B1A9-4624-B43B-BB8C4F794DBC} = {B8321130-6175-47D7-BC59-E2CC0ADEE6DF}
		{A57A0494-52D9-AE21-52E2-C73D531B4A48} = {122B4804-D1D8-420B-93EC-72978373369D}
		{AD5B37BE-46D6-6868-6947-50579E86992D} = {122B4804-D1D8-420B-93EC-72978373369D}
		{8C5BAD6D-B133-4B38-8C22-1C13F57CB033} = {4BE74EE1-B5C8-4AF3-8024-5F60C13EC1BD}
		{75F75AB9-EB63-43FA-96F1-4A32A1852CF5} = {4BE74EE1-B5C8-4AF3-8024-5F60C13EC1BD}
		{0A426525-9ABE-45D4-A67A-80635BB57C71} = {4BE74EE1-B5C8-4AF3-8024-5F60C13EC1BD}
		{04129191-BF54-4E04-984E-D85A171ED6BB} = {4BE74EE1-B5C8-4AF3-8024-5F60C13EC1BD}
		{58C92CCD-B95B-4A47-88DC-7C4C22885018} = {0A426525-9ABE-45D4-A67A-80635BB57C71}
		{0BA9E97A-F7E7-E7F6-A68C-FD4DF32B1AA6} = {8C5BAD6D-B133-4B38-8C22-1C13F57CB033}
		{88030581-FE52-48D2-8A3D-2B43555E2234} = {7BFDB880-2189-45ED-8C7E-9D52FBB8DC11}
		{A9FC732A-88B8-49D0-B09F-0FDFD232EEE5} = {7BFDB880-2189-45ED-8C7E-9D52FBB8DC11}
		{637F966F-33F4-4422-BFEF-26E854D78A5A} = {04129191-BF54-4E04-984E-D85A171ED6BB}
		{21A2451C-EA3D-4B51-ABB8-4FB7F37119DB} = {75F75AB9-EB63-43FA-96F1-4A32A1852CF5}
		{15D2659A-6930-4A4A-9F63-34E0376D51D0} = {7BFDB880-2189-45ED-8C7E-9D52FBB8DC11}
		{9B5B9C3A-9DFA-4DB1-8131-1311EFC7FE40} = {15D2659A-6930-4A4A-9F63-34E0376D51D0}
		{1FDBFEB8-5A5F-4DCC-8B77-1320B69736AB} = {7BFDB880-2189-45ED-8C7E-9D52FBB8DC11}
		{983F67D9-331B-4E14-BB1B-D1DCE67D6288} = {1FDBFEB8-5A5F-4DCC-8B77-1320B69736AB}
		{C49140ED-7575-4FFA-96A4-8BBC318AF3BE} = {983F67D9-331B-4E14-BB1B-D1DCE67D6288}
		{11C3111E-23E4-4432-AF44-3BB3CD36B58B} = {C49140ED-7575-4FFA-96A4-8BBC318AF3BE}
		{4C563B16-965F-47F5-88B9-82D2B9492FE0} = {0360E9EE-E75E-46AB-8EB2-6D2FC49CBD3E}
		{F602B3E6-F398-453A-A988-BA598B3498D3} = {0360E9EE-E75E-46AB-8EB2-6D2FC49CBD3E}
		{4F9D2A27-B655-4023-833B-2756DDDDE80A} = {5B6F705B-4C90-4A99-92E0-B456F8A846D1}
		{8F7A299B-6FFF-4BC4-B57E-FF6531DE586D} = {5B6F705B-4C90-4A99-92E0-B456F8A846D1}
		{B05FD357-57AA-4777-90BC-E2DEC1BFC9F6} = {9A33FC88-9B0E-4A03-BD92-FCF3734360A3}
		{7E847602-E68B-4D13-A62E-9F5F55538902} = {9A33FC88-9B0E-4A03-BD92-FCF3734360A3}
		{3A9DAF99-F396-4FDD-A7AA-D8F0A525EEE6} = {7BFDB880-2189-45ED-8C7E-9D52FBB8DC11}
		{02E5B1A3-92E8-47A9-A59C-7917B78C1F61} = {15D2659A-6930-4A4A-9F63-34E0376D51D0}
		{6784771F-D1A9-4D29-BA6A-3CFF2058A092} = {15D2659A-6930-4A4A-9F63-34E0376D51D0}
		{A0891AF4-BEF3-4232-A198-6C2921ECFFFB} = {95A5336D-849B-4D78-8AAC-2EFDF228CA1C}
		{9C20E993-9BF1-A385-5526-9F219FFD65EC} = {2C6E88BB-327C-4376-AD8F-A5EFC008EEB5}
		{58A89C05-DAB6-8A20-CC9C-CEA37DFF9422} = {5402E31D-F4C7-49E7-AB40-FF5DCBD89D35}
		{3922AB1C-3F32-41B0-8DC1-5E77FD630B09} = {5402E31D-F4C7-49E7-AB40-FF5DCBD89D35}
		{287102BC-5B43-40EF-BA86-9508E7430A5C} = {4C563B16-965F-47F5-88B9-82D2B9492FE0}
		{5762DB7E-7C85-4ADA-BD2C-9E0AF05A077E} = {287102BC-5B43-40EF-BA86-9508E7430A5C}
		{95A5336D-849B-4D78-8AAC-2EFDF228CA1C} = {287102BC-5B43-40EF-BA86-9508E7430A5C}
		{5402E31D-F4C7-49E7-AB40-FF5DCBD89D35} = {4C563B16-965F-47F5-88B9-82D2B9492FE0}
		{786937A8-EA08-40DE-9609-20A98B5A9202} = {5762DB7E-7C85-4ADA-BD2C-9E0AF05A077E}
		{915C2274-69F4-47FB-80AA-C92A2C24D5C7} = {F602B3E6-F398-453A-A988-BA598B3498D3}
		{5F59C444-B1F8-46B2-A693-EB696804D0EC} = {F602B3E6-F398-453A-A988-BA598B3498D3}
		{C652B7EC-6F9C-47B4-AF59-613773D960E4} = {F602B3E6-F398-453A-A988-BA598B3498D3}
		{1187FF1F-10FE-4447-8356-0B534025D35A} = {F602B3E6-F398-453A-A988-BA598B3498D3}
	EndGlobalSection
	GlobalSection(ExtensibilityGlobals) = postSolution
		SolutionGuid = {A61EC7C9-970A-4856-9FA0-A09EE45536BB}
	EndGlobalSection
EndGlobal
